
Microsoft Visual Studio Solution File, Format Version 12.00
# Visual Studio 15
VisualStudioVersion = 15.0.28010.2048
MinimumVisualStudioVersion = 10.0.40219.1
Project("{FAE04EC0-301F-11D3-BF4B-00C04F79EFBC}") = "Mandelbrot", "Mandelbrot\Mandelbrot.csproj", "{C98B07AE-885A-4DF3-9EE9-D32F499AD4E6}"
EndProject
Global
	GlobalSection(SolutionConfigurationPlatforms) = preSolution
		Debug|Any CPU = Debug|Any CPU
		Release|Any CPU = Release|Any CPU
	EndGlobalSection
	GlobalSection(ProjectConfigurationPlatforms) = postSolution
		{C98B07AE-885A-4DF3-9EE9-D32F499AD4E6}.Debug|Any CPU.ActiveCfg = Debug|Any CPU
		{C98B07AE-885A-4DF3-9EE9-D32F499AD4E6}.Debug|Any CPU.Build.0 = Debug|Any CPU
		{C98B07AE-885A-4DF3-9EE9-D32F499AD4E6}.Release|Any CPU.ActiveCfg = Release|Any CPU
		{C98B07AE-885A-4DF3-9EE9-D32F499AD4E6}.Release|Any CPU.Build.0 = Release|Any CPU
	EndGlobalSection
	GlobalSection(SolutionProperties) = preSolution
		HideSolutionNode = FALSE
	EndGlobalSection
	GlobalSection(ExtensibilityGlobals) = postSolution
		SolutionGuid = {C9ABFA1F-D8EE-4112-A42C-C3EE8BCD8051}
	EndGlobalSection
EndGlobal
